PODS:
  - agora_rtm (0.0.1):
    - AgoraRtm_iOS (= 0.9.2)
    - Flutter
  - AgoraRtm_iOS (0.9.2)
  - Flutter (1.0.0)

DEPENDENCIES:
  - agora_rtm (from `.symlinks/plugins/agora_rtm/ios`)
  - Flutter (from `.symlinks/flutter/ios`)

SPEC REPOS:
  https://github.com/cocoapods/specs.git:
    - AgoraRtm_iOS

EXTERNAL SOURCES:
  agora_rtm:
    :path: ".symlinks/plugins/agora_rtm/ios"
  Flutter:
    :path: ".symlinks/flutter/ios"

SPEC CHECKSUMS:
  agora_rtm: feb657227bd574203008fe4630cd2417ba272d48
  AgoraRtm_iOS: aabf75fa48838fadd220b244f31e553da992e4e6
  Flutter: 58dd7d1b27887414a370fcccb9e645c08ffd7a6a

PODFILE CHECKSUM: aff02bfeed411c636180d6812254b2daeea14d09

COCOAPODS: 1.6.1
