PODS:
  - agora_rtm (1.6.3):
    - AgoraRtm_iOS (= 1.5.1)
    - Flutter
  - AgoraRtm_iOS (1.5.1)
  - Flutter (1.0.0)

DEPENDENCIES:
  - agora_rtm (from `.symlinks/plugins/agora_rtm/ios`)
  - Flutter (from `Flutter`)

SPEC REPOS:
  trunk:
    - AgoraRtm_iOS

EXTERNAL SOURCES:
  agora_rtm:
    :path: ".symlinks/plugins/agora_rtm/ios"
  Flutter:
    :path: Flutter

SPEC CHECKSUMS:
  agora_rtm: dde299275c7031ce0abc16295f628374cfa954f7
  AgoraRtm_iOS: 595a9fa33a409831e6183396ea8f8bc563918403
  Flutter: e0871f40cf51350855a761d2e70bf5af5b9b5de7

PODFILE CHECKSUM: c4c93c5f6502fe2754f48404d3594bf779584011

COCOAPODS: 1.16.2
